
Microsoft Visual Studio Solution File, Format Version 12.00
# Visual Studio 14
VisualStudioVersion = 14.0.23107.0
MinimumVisualStudioVersion = 10.0.40219.1
Project("{FAE04EC0-301F-11D3-BF4B-00C04F79EFBC}") = "FindUriHandlers", "FindUriHandlers\FindUriHandlers.csproj", "{5BF83056-C383-4D1E-8EC0-7B305CF2B016}"
EndProject
Global
	GlobalSection(SolutionConfigurationPlatforms) = preSolution
		Debug|Any CPU = Debug|Any CPU
		Release|Any CPU = Release|Any CPU
	EndGlobalSection
	GlobalSection(ProjectConfigurationPlatforms) = postSolution
		{5BF83056-C383-4D1E-8EC0-7B305CF2B016}.Debug|Any CPU.ActiveCfg = Debug|Any CPU
		{5BF83056-C383-4D1E-8EC0-7B305CF2B016}.Debug|Any CPU.Build.0 = Debug|Any CPU
		{5BF83056-C383-4D1E-8EC0-7B305CF2B016}.Release|Any CPU.ActiveCfg = Release|Any CPU
		{5BF83056-C383-4D1E-8EC0-7B305CF2B016}.Release|Any CPU.Build.0 = Release|Any CPU
	EndGlobalSection
	GlobalSection(SolutionProperties) = preSolution
		HideSolutionNode = FALSE
	EndGlobalSection
EndGlobal
